
Microsoft Visual Studio Solution File, Format Version 12.00
# Visual Studio 15
VisualStudioVersion = 15.0.27428.2043
MinimumVisualStudioVersion = 10.0.40219.1
Project("{FAE04EC0-301F-11D3-BF4B-00C04F79EFBC}") = "appBar", "appBar\appBar.csproj", "{095C75C5-77D7-44DC-95CE-22F34FF003E6}"
EndProject
Global
	GlobalSection(SolutionConfigurationPlatforms) = preSolution
		Debug|Any CPU = Debug|Any CPU
		Release|Any CPU = Release|Any CPU
	EndGlobalSection
	GlobalSection(ProjectConfigurationPlatforms) = postSolution
		{095C75C5-77D7-44DC-95CE-22F34FF003E6}.Debug|Any CPU.ActiveCfg = Debug|Any CPU
		{095C75C5-77D7-44DC-95CE-22F34FF003E6}.Debug|Any CPU.Build.0 = Debug|Any CPU
		{095C75C5-77D7-44DC-95CE-22F34FF003E6}.Release|Any CPU.ActiveCfg = Release|Any CPU
		{095C75C5-77D7-44DC-95CE-22F34FF003E6}.Release|Any CPU.Build.0 = Release|Any CPU
	EndGlobalSection
	GlobalSection(SolutionProperties) = preSolution
		HideSolutionNode = FALSE
	EndGlobalSection
	GlobalSection(ExtensibilityGlobals) = postSolution
		SolutionGuid = {4D117258-34F9-4E68-8759-3C987F802404}
	EndGlobalSection
EndGlobal
